
Microsoft Visual Studio Solution File, Format Version 12.00
# Visual Studio Version 16
VisualStudioVersion = 16.0.29201.188
MinimumVisualStudioVersion = 10.0.40219.1
Project("{FAE04EC0-301F-11D3-BF4B-00C04F79EFBC}") = "Ohm's lov", "Ohm's lov\Ohm's lov.csproj", "{CEFCA52D-8949-4E38-B863-BE44339CF6C9}"
EndProject
Global
	GlobalSection(SolutionConfigurationPlatforms) = preSolution
		Debug|Any CPU = Debug|Any CPU
		Release|Any CPU = Release|Any CPU
	EndGlobalSection
	GlobalSection(ProjectConfigurationPlatforms) = postSolution
		{CEFCA52D-8949-4E38-B863-BE44339CF6C9}.Debug|Any CPU.ActiveCfg = Debug|Any CPU
		{CEFCA52D-8949-4E38-B863-BE44339CF6C9}.Debug|Any CPU.Build.0 = Debug|Any CPU
		{CEFCA52D-8949-4E38-B863-BE44339CF6C9}.Release|Any CPU.ActiveCfg = Release|Any CPU
		{CEFCA52D-8949-4E38-B863-BE44339CF6C9}.Release|Any CPU.Build.0 = Release|Any CPU
	EndGlobalSection
	GlobalSection(SolutionProperties) = preSolution
		HideSolutionNode = FALSE
	EndGlobalSection
	GlobalSection(ExtensibilityGlobals) = postSolution
		SolutionGuid = {5FE75CFE-07EA-43CC-9699-F1BEB46CDFFD}
	EndGlobalSection
EndGlobal
